
Microsoft Visual Studio Solution File, Format Version 12.00
# Visual Studio 15
VisualStudioVersion = 15.0.26124.0
MinimumVisualStudioVersion = 15.0.26124.0
Project("{FAE04EC0-301F-11D3-BF4B-00C04F79EFBC}") = "UltraArchive", "UltraArchive\UltraArchive.csproj", "{1302E1C3-0E1C-48D8-AE4F-1106428DCA4D}"
EndProject
Project("{FAE04EC0-301F-11D3-BF4B-00C04F79EFBC}") = "UltraArchive.Tests", "UltraArchive.Tests\UltraArchive.Tests.csproj", "{421BCE2E-B16C-4D0D-BAA9-6B82F04879FB}"
EndProject
Global
	GlobalSection(SolutionConfigurationPlatforms) = preSolution
		Debug|Any CPU = Debug|Any CPU
		Debug|x64 = Debug|x64
		Debug|x86 = Debug|x86
		Release|Any CPU = Release|Any CPU
		Release|x64 = Release|x64
		Release|x86 = Release|x86
	EndGlobalSection
	GlobalSection(SolutionProperties) = preSolution
		HideSolutionNode = FALSE
	EndGlobalSection
	GlobalSection(ProjectConfigurationPlatforms) = postSolution
		{1302E1C3-0E1C-48D8-AE4F-1106428DCA4D}.Debug|Any CPU.ActiveCfg = Debug|Any CPU
		{1302E1C3-0E1C-48D8-AE4F-1106428DCA4D}.Debug|Any CPU.Build.0 = Debug|Any CPU
		{1302E1C3-0E1C-48D8-AE4F-1106428DCA4D}.Debug|x64.ActiveCfg = Debug|Any CPU
		{1302E1C3-0E1C-48D8-AE4F-1106428DCA4D}.Debug|x64.Build.0 = Debug|Any CPU
		{1302E1C3-0E1C-48D8-AE4F-1106428DCA4D}.Debug|x86.ActiveCfg = Debug|Any CPU
		{1302E1C3-0E1C-48D8-AE4F-1106428DCA4D}.Debug|x86.Build.0 = Debug|Any CPU
		{1302E1C3-0E1C-48D8-AE4F-1106428DCA4D}.Release|Any CPU.ActiveCfg = Release|Any CPU
		{1302E1C3-0E1C-48D8-AE4F-1106428DCA4D}.Release|Any CPU.Build.0 = Release|Any CPU
		{1302E1C3-0E1C-48D8-AE4F-1106428DCA4D}.Release|x64.ActiveCfg = Release|Any CPU
		{1302E1C3-0E1C-48D8-AE4F-1106428DCA4D}.Release|x64.Build.0 = Release|Any CPU
		{1302E1C3-0E1C-48D8-AE4F-1106428DCA4D}.Release|x86.ActiveCfg = Release|Any CPU
		{1302E1C3-0E1C-48D8-AE4F-1106428DCA4D}.Release|x86.Build.0 = Release|Any CPU
		{421BCE2E-B16C-4D0D-BAA9-6B82F04879FB}.Debug|Any CPU.ActiveCfg = Debug|Any CPU
		{421BCE2E-B16C-4D0D-BAA9-6B82F04879FB}.Debug|Any CPU.Build.0 = Debug|Any CPU
		{421BCE2E-B16C-4D0D-BAA9-6B82F04879FB}.Debug|x64.ActiveCfg = Debug|Any CPU
		{421BCE2E-B16C-4D0D-BAA9-6B82F04879FB}.Debug|x64.Build.0 = Debug|Any CPU
		{421BCE2E-B16C-4D0D-BAA9-6B82F04879FB}.Debug|x86.ActiveCfg = Debug|Any CPU
		{421BCE2E-B16C-4D0D-BAA9-6B82F04879FB}.Debug|x86.Build.0 = Debug|Any CPU
		{421BCE2E-B16C-4D0D-BAA9-6B82F04879FB}.Release|Any CPU.ActiveCfg = Release|Any CPU
		{421BCE2E-B16C-4D0D-BAA9-6B82F04879FB}.Release|Any CPU.Build.0 = Release|Any CPU
		{421BCE2E-B16C-4D0D-BAA9-6B82F04879FB}.Release|x64.ActiveCfg = Release|Any CPU
		{421BCE2E-B16C-4D0D-BAA9-6B82F04879FB}.Release|x64.Build.0 = Release|Any CPU
		{421BCE2E-B16C-4D0D-BAA9-6B82F04879FB}.Release|x86.ActiveCfg = Release|Any CPU
		{421BCE2E-B16C-4D0D-BAA9-6B82F04879FB}.Release|x86.Build.0 = Release|Any CPU
	EndGlobalSection
EndGlobal
